// !$*UTF8*$!
{
	archiveVersion = 1;
	classes = {
	};
	objectVersion = 56;
	objects = {

/* Begin PBXBuildFile section */
		D61CAD6C29F66DFF0088565A /* UIFontExtension.swift in Sources */ = {isa = PBXBuildFile; fileRef = D61CAD6B29F66DFF0088565A /* UIFontExtension.swift */; };
		D65C042B29F65E5000753FBF /* AppDelegate.swift in Sources */ = {isa = PBXBuildFile; fileRef = D65C042A29F65E5000753FBF /* AppDelegate.swift */; };
		D65C042D29F65E5000753FBF /* SceneDelegate.swift in Sources */ = {isa = PBXBuildFile; fileRef = D65C042C29F65E5000753FBF /* SceneDelegate.swift */; };
		D65C043229F65E5000753FBF /* Main.storyboard in Resources */ = {isa = PBXBuildFile; fileRef = D65C043029F65E5000753FBF /* Main.storyboard */; };
		D65C043429F65E5100753FBF /* Assets.xcassets in Resources */ = {isa = PBXBuildFile; fileRef = D65C043329F65E5100753FBF /* Assets.xcassets */; };
		D65C043729F65E5100753FBF /* LaunchScreen.storyboard in Resources */ = {isa = PBXBuildFile; fileRef = D65C043529F65E5100753FBF /* LaunchScreen.storyboard */; };
		D65C043F29F6610C00753FBF /* NewsTableViewController.swift in Sources */ = {isa = PBXBuildFile; fileRef = D65C043E29F6610C00753FBF /* NewsTableViewController.swift */; };
		D65C044129F6612900753FBF /* NewsTableViewCell.swift in Sources */ = {isa = PBXBuildFile; fileRef = D65C044029F6612900753FBF /* NewsTableViewCell.swift */; };
		D6B1AA5929F67F4D00B152A3 /* FeedParser.swift in Sources */ = {isa = PBXBuildFile; fileRef = D6B1AA5829F67F4D00B152A3 /* FeedParser.swift */; };
/* End PBXBuildFile section */

/* Begin PBXFileReference section */
		D61CAD6B29F66DFF0088565A /* UIFontExtension.swift */ = {isa = PBXFileReference; lastKnownFileType = sourcecode.swift; path = UIFontExtension.swift; sourceTree = "<group>"; };
		D65C042729F65E5000753FBF /* RSS Reader Demo.app */ = {isa = PBXFileReference; explicitFileType = wrapper.application; includeInIndex = 0; path = "RSS Reader Demo.app"; sourceTree = BUILT_PRODUCTS_DIR; };
		D65C042A29F65E5000753FBF /* AppDelegate.swift */ = {isa = PBXFileReference; lastKnownFileType = sourcecode.swift; path = AppDelegate.swift; sourceTree = "<group>"; };
		D65C042C29F65E5000753FBF /* SceneDelegate.swift */ = {isa = PBXFileReference; lastKnownFileType = sourcecode.swift; path = SceneDelegate.swift; sourceTree = "<group>"; };
		D65C043129F65E5000753FBF /* Base */ = {isa = PBXFileReference; lastKnownFileType = file.storyboard; name = Base; path = Base.lproj/Main.storyboard; sourceTree = "<group>"; };
		D65C043329F65E5100753FBF /* Assets.xcassets */ = {isa = PBXFileReference; lastKnownFileType = folder.assetcatalog; path = Assets.xcassets; sourceTree = "<group>"; };
		D65C043629F65E5100753FBF /* Base */ = {isa = PBXFileReference; lastKnownFileType = file.storyboard; name = Base; path = Base.lproj/LaunchScreen.storyboard; sourceTree = "<group>"; };
		D65C043829F65E5100753FBF /* Info.plist */ = {isa = PBXFileReference; lastKnownFileType = text.plist.xml; path = Info.plist; sourceTree = "<group>"; };
		D65C043E29F6610C00753FBF /* NewsTableViewController.swift */ = {isa = PBXFileReference; lastKnownFileType = sourcecode.swift; path = NewsTableViewController.swift; sourceTree = "<group>"; };
		D65C044029F6612900753FBF /* NewsTableViewCell.swift */ = {isa = PBXFileReference; lastKnownFileType = sourcecode.swift; path = NewsTableViewCell.swift; sourceTree = "<group>"; };
		D6B1AA5829F67F4D00B152A3 /* FeedParser.swift */ = {isa = PBXFileReference; lastKnownFileType = sourcecode.swift; path = FeedParser.swift; sourceTree = "<group>"; };
/* End PBXFileReference section */

/* Begin PBXFrameworksBuildPhase section */
		D65C042429F65E5000753FBF /* Frameworks */ = {
			isa = PBXFrameworksBuildPhase;
			buildActionMask = 2147483647;
			files = (
			);
			runOnlyForDeploymentPostprocessing = 0;
		};
/* End PBXFrameworksBuildPhase section */

/* Begin PBXGroup section */
		D61CAD6A29F66DEC0088565A /* Extension */ = {
			isa = PBXGroup;
			children = (
				D61CAD6B29F66DFF0088565A /* UIFontExtension.swift */,
			);
			path = Extension;
			sourceTree = "<group>";
		};
		D65C041E29F65E5000753FBF = {
			isa = PBXGroup;
			children = (
				D65C042929F65E5000753FBF /* RSS Reader Demo */,
				D65C042829F65E5000753FBF /* Products */,
			);
			sourceTree = "<group>";
		};
		D65C042829F65E5000753FBF /* Products */ = {
			isa = PBXGroup;
			children = (
				D65C042729F65E5000753FBF /* RSS Reader Demo.app */,
			);
			name = Products;
			sourceTree = "<group>";
		};
		D65C042929F65E5000753FBF /* RSS Reader Demo */ = {
			isa = PBXGroup;
			children = (
				D61CAD6A29F66DEC0088565A /* Extension */,
				D65C042A29F65E5000753FBF /* AppDelegate.swift */,
				D65C042C29F65E5000753FBF /* SceneDelegate.swift */,
				D65C043029F65E5000753FBF /* Main.storyboard */,
				D65C043329F65E5100753FBF /* Assets.xcassets */,
				D65C043529F65E5100753FBF /* LaunchScreen.storyboard */,
				D65C043829F65E5100753FBF /* Info.plist */,
				D65C043E29F6610C00753FBF /* NewsTableViewController.swift */,
				D65C044029F6612900753FBF /* NewsTableViewCell.swift */,
				D6B1AA5829F67F4D00B152A3 /* FeedParser.swift */,
			);
			path = "RSS Reader Demo";
			sourceTree = "<group>";
		};
/* End PBXGroup section */

/* Begin PBXNativeTarget section */
		D65C042629F65E5000753FBF /* RSS Reader Demo */ = {
			isa = PBXNativeTarget;
			buildConfigurationList = D65C043B29F65E5100753FBF /* Build configuration list for PBXNativeTarget "RSS Reader Demo" */;
			buildPhases = (
				D65C042329F65E5000753FBF /* Sources */,
				D65C042429F65E5000753FBF /* Frameworks */,
				D65C042529F65E5000753FBF /* Resources */,
			);
			buildRules = (
			);
			dependencies = (
			);
			name = "RSS Reader Demo";
			productName = "RSS Reader Demo";
			productReference = D65C042729F65E5000753FBF /* RSS Reader Demo.app */;
			productType = "com.apple.product-type.application";
		};
/* End PBXNativeTarget section */

/* Begin PBXProject section */
		D65C041F29F65E5000753FBF /* Project object */ = {
			isa = PBXProject;
			attributes = {
				BuildIndependentTargetsInParallel = 1;
				LastSwiftUpdateCheck = 1420;
				LastUpgradeCheck = 1420;
				TargetAttributes = {
					D65C042629F65E5000753FBF = {
						CreatedOnToolsVersion = 14.2;
					};
				};
			};
			buildConfigurationList = D65C042229F65E5000753FBF /* Build configuration list for PBXProject "RSS Reader Demo" */;
			compatibilityVersion = "Xcode 14.0";
			developmentRegion = en;
			hasScannedForEncodings = 0;
			knownRegions = (
				en,
				Base,
			);
			mainGroup = D65C041E29F65E5000753FBF;
			productRefGroup = D65C042829F65E5000753FBF /* Products */;
			projectDirPath = "";
			projectRoot = "";
			targets = (
				D65C042629F65E5000753FBF /* RSS Reader Demo */,
			);
		};
/* End PBXProject section */

/* Begin PBXResourcesBuildPhase section */
		D65C042529F65E5000753FBF /* Resources */ = {
			isa = PBXResourcesBuildPhase;
			buildActionMask = 2147483647;
			files = (
				D65C043729F65E5100753FBF /* LaunchScreen.storyboard in Resources */,
				D65C043429F65E5100753FBF /* Assets.xcassets in Resources */,
				D65C043229F65E5000753FBF /* Main.storyboard in Resources */,
			);
			runOnlyForDeploymentPostprocessing = 0;
		};
/* End PBXResourcesBuildPhase section */

/* Begin PBXSourcesBuildPhase section */
		D65C042329F65E5000753FBF /* Sources */ = {
			isa = PBXSourcesBuildPhase;
			buildActionMask = 2147483647;
			files = (
				D6B1AA5929F67F4D00B152A3 /* FeedParser.swift in Sources */,
				D65C042B29F65E5000753FBF /* AppDelegate.swift in Sources */,
				D61CAD6C29F66DFF0088565A /* UIFontExtension.swift in Sources */,
				D65C042D29F65E5000753FBF /* SceneDelegate.swift in Sources */,
				D65C044129F6612900753FBF /* NewsTableViewCell.swift in Sources */,
				D65C043F29F6610C00753FBF /* NewsTableViewController.swift in Sources */,
			);
			runOnlyForDeploymentPostprocessing = 0;
		};
/* End PBXSourcesBuildPhase section */

/* Begin PBXVariantGroup section */
		D65C043029F65E5000753FBF /* Main.storyboard */ = {
			isa = PBXVariantGroup;
			children = (
				D65C043129F65E5000753FBF /* Base */,
			);
			name = Main.storyboard;
			sourceTree = "<group>";
		};
		D65C043529F65E5100753FBF /* LaunchScreen.storyboard */ = {
			isa = PBXVariantGroup;
			children = (
				D65C043629F65E5100753FBF /* Base */,
			);
			name = LaunchScreen.storyboard;
			sourceTree = "<group>";
		};
/* End PBXVariantGroup section */

/* Begin XCBuildConfiguration section */
		D65C043929F65E5100753FBF /* Debug */ = {
			isa = XCBuildConfiguration;
			buildSettings = {
				ALWAYS_SEARCH_USER_PATHS = NO;
				CLANG_ANALYZER_NONNULL = YES;
				CLANG_ANALYZER_NUMBER_OBJECT_CONVERSION = YES_AGGRESSIVE;
				CLANG_CXX_LANGUAGE_STANDARD = "gnu++20";
				CLANG_ENABLE_MODULES = YES;
				CLANG_ENABLE_OBJC_ARC = YES;
				CLANG_ENABLE_OBJC_WEAK = YES;
				CLANG_WARN_BLOCK_CAPTURE_AUTORELEASING = YES;
				CLANG_WARN_BOOL_CONVERSION = YES;
				CLANG_WARN_COMMA = YES;
				CLANG_WARN_CONSTANT_CONVERSION = YES;
				CLANG_WARN_DEPRECATED_OBJC_IMPLEMENTATIONS = YES;
				CLANG_WARN_DIRECT_OBJC_ISA_USAGE = YES_ERROR;
				CLANG_WARN_DOCUMENTATION_COMMENTS = YES;
				CLANG_WARN_EMPTY_BODY = YES;
				CLANG_WARN_ENUM_CONVERSION = YES;
				CLANG_WARN_INFINITE_RECURSION = YES;
				CLANG_WARN_INT_CONVERSION = YES;
				CLANG_WARN_NON_LITERAL_NULL_CONVERSION = YES;
				CLANG_WARN_OBJC_IMPLICIT_RETAIN_SELF = YES;
				CLANG_WARN_OBJC_LITERAL_CONVERSION = YES;
				CLANG_WARN_OBJC_ROOT_CLASS = YES_ERROR;
				CLANG_WARN_QUOTED_INCLUDE_IN_FRAMEWORK_HEADER = YES;
				CLANG_WARN_RANGE_LOOP_ANALYSIS = YES;
				CLANG_WARN_STRICT_PROTOTYPES = YES;
				CLANG_WARN_SUSPICIOUS_MOVE = YES;
				CLANG_WARN_UNGUARDED_AVAILABILITY = YES_AGGRESSIVE;
				CLANG_WARN_UNREACHABLE_CODE = YES;
				CLANG_WARN__DUPLICATE_METHOD_MATCH = YES;
				COPY_PHASE_STRIP = NO;
				DEBUG_INFORMATION_FORMAT = dwarf;
				ENABLE_STRICT_OBJC_MSGSEND = YES;
				ENABLE_TESTABILITY = YES;
				GCC_C_LANGUAGE_STANDARD = gnu11;
				GCC_DYNAMIC_NO_PIC = NO;
				GCC_NO_COMMON_BLOCKS = YES;
				GCC_OPTIMIZATION_LEVEL = 0;
				GCC_PREPROCESSOR_DEFINITIONS = (
					"DEBUG=1",
					"$(inherited)",
				);
				GCC_WARN_64_TO_32_BIT_CONVERSION = YES;
				GCC_WARN_ABOUT_RETURN_TYPE = YES_ERROR;
				GCC_WARN_UNDECLARED_SELECTOR = YES;
				GCC_WARN_UNINITIALIZED_AUTOS = YES_AGGRESSIVE;
				GCC_WARN_UNUSED_FUNCTION = YES;
				GCC_WARN_UNUSED_VARIABLE = YES;
				IPHONEOS_DEPLOYMENT_TARGET = 16.2;
				MTL_ENABLE_DEBUG_INFO = INCLUDE_SOURCE;
				MTL_FAST_MATH = YES;
				ONLY_ACTIVE_ARCH = YES;
				SDKROOT = iphoneos;
				SWIFT_ACTIVE_COMPILATION_CONDITIONS = DEBUG;
				SWIFT_OPTIMIZATION_LEVEL = "-Onone";
			};
			name = Debug;
		};
		D65C043A29F65E5100753FBF /* Release */ = {
			isa = XCBuildConfiguration;
			buildSettings = {
				ALWAYS_SEARCH_USER_PATHS = NO;
				CLANG_ANALYZER_NONNULL = YES;
				CLANG_ANALYZER_NUMBER_OBJECT_CONVERSION = YES_AGGRESSIVE;
				CLANG_CXX_LANGUAGE_STANDARD = "gnu++20";
				CLANG_ENABLE_MODULES = YES;
				CLANG_ENABLE_OBJC_ARC = YES;
				CLANG_ENABLE_OBJC_WEAK = YES;
				CLANG_WARN_BLOCK_CAPTURE_AUTORELEASING = YES;
				CLANG_WARN_BOOL_CONVERSION = YES;
				CLANG_WARN_COMMA = YES;
				CLANG_WARN_CONSTANT_CONVERSION = YES;
				CLANG_WARN_DEPRECATED_OBJC_IMPLEMENTATIONS = YES;
				CLANG_WARN_DIRECT_OBJC_ISA_USAGE = YES_ERROR;
				CLANG_WARN_DOCUMENTATION_COMMENTS = YES;
				CLANG_WARN_EMPTY_BODY = YES;
				CLANG_WARN_ENUM_CONVERSION = YES;
				CLANG_WARN_INFINITE_RECURSION = YES;
				CLANG_WARN_INT_CONVERSION = YES;
				CLANG_WARN_NON_LITERAL_NULL_CONVERSION = YES;
				CLANG_WARN_OBJC_IMPLICIT_RETAIN_SELF = YES;
				CLANG_WARN_OBJC_LITERAL_CONVERSION = YES;
				CLANG_WARN_OBJC_ROOT_CLASS = YES_ERROR;
				CLANG_WARN_QUOTED_INCLUDE_IN_FRAMEWORK_HEADER = YES;
				CLANG_WARN_RANGE_LOOP_ANALYSIS = YES;
				CLANG_WARN_STRICT_PROTOTYPES = YES;
				CLANG_WARN_SUSPICIOUS_MOVE = YES;
				CLANG_WARN_UNGUARDED_AVAILABILITY = YES_AGGRESSIVE;
				CLANG_WARN_UNREACHABLE_CODE = YES;
				CLANG_WARN__DUPLICATE_METHOD_MATCH = YES;
				COPY_PHASE_STRIP = NO;
				DEBUG_INFORMATION_FORMAT = "dwarf-with-dsym";
				ENABLE_NS_ASSERTIONS = NO;
				ENABLE_STRICT_OBJC_MSGSEND = YES;
				GCC_C_LANGUAGE_STANDARD = gnu11;
				GCC_NO_COMMON_BLOCKS = YES;
				GCC_WARN_64_TO_32_BIT_CONVERSION = YES;
				GCC_WARN_ABOUT_RETURN_TYPE = YES_ERROR;
				GCC_WARN_UNDECLARED_SELECTOR = YES;
				GCC_WARN_UNINITIALIZED_AUTOS = YES_AGGRESSIVE;
				GCC_WARN_UNUSED_FUNCTION = YES;
				GCC_WARN_UNUSED_VARIABLE = YES;
				IPHONEOS_DEPLOYMENT_TARGET = 16.2;
				MTL_ENABLE_DEBUG_INFO = NO;
				MTL_FAST_MATH = YES;
				SDKROOT = iphoneos;
				SWIFT_COMPILATION_MODE = wholemodule;
				SWIFT_OPTIMIZATION_LEVEL = "-O";
				VALIDATE_PRODUCT = YES;
			};
			name = Release;
		};
		D65C043C29F65E5100753FBF /* Debug */ = {
			isa = XCBuildConfiguration;
			buildSettings = {
				ASSETCATALOG_COMPILER_APPICON_NAME = AppIcon;
				ASSETCATALOG_COMPILER_GLOBAL_ACCENT_COLOR_NAME = AccentColor;
				CODE_SIGN_STYLE = Automatic;
				CURRENT_PROJECT_VERSION = 1;
				DEVELOPMENT_TEAM = WPG5J57J5Q;
				GENERATE_INFOPLIST_FILE = YES;
				INFOPLIST_FILE = "RSS Reader Demo/Info.plist";
				INFOPLIST_KEY_UIApplicationSupportsIndirectInputEvents = YES;
				INFOPLIST_KEY_UILaunchStoryboardName = LaunchScreen;
				INFOPLIST_KEY_UIMainStoryboardFile = Main;
				INFOPLIST_KEY_UISupportedInterfaceOrientations_iPad = "UIInterfaceOrientationPortrait UIInterfaceOrientationPortraitUpsideDown UIInterfaceOrientationLandscapeLeft UIInterfaceOrientationLandscapeRight";
				INFOPLIST_KEY_UISupportedInterfaceOrientations_iPhone = "UIInterfaceOrientationPortrait UIInterfaceOrientationLandscapeLeft UIInterfaceOrientationLandscapeRight";
				LD_RUNPATH_SEARCH_PATHS = (
					"$(inherited)",
					"@executable_path/Frameworks",
				);
				MARKETING_VERSION = 1.0;
				PRODUCT_BUNDLE_IDENTIFIER = "id.signal.RSS-Reader-Demo";
				PRODUCT_NAME = "$(TARGET_NAME)";
				SWIFT_EMIT_LOC_STRINGS = YES;
				SWIFT_VERSION = 5.0;
				TARGETED_DEVICE_FAMILY = "1,2";
			};
			name = Debug;
		};
		D65C043D29F65E5100753FBF /* Release */ = {
			isa = XCBuildConfiguration;
			buildSettings = {
				ASSETCATALOG_COMPILER_APPICON_NAME = AppIcon;
				ASSETCATALOG_COMPILER_GLOBAL_ACCENT_COLOR_NAME = AccentColor;
				CODE_SIGN_STYLE = Automatic;
				CURRENT_PROJECT_VERSION = 1;
				DEVELOPMENT_TEAM = WPG5J57J5Q;
				GENERATE_INFOPLIST_FILE = YES;
				INFOPLIST_FILE = "RSS Reader Demo/Info.plist";
				INFOPLIST_KEY_UIApplicationSupportsIndirectInputEvents = YES;
				INFOPLIST_KEY_UILaunchStoryboardName = LaunchScreen;
				INFOPLIST_KEY_UIMainStoryboardFile = Main;
				INFOPLIST_KEY_UISupportedInterfaceOrientations_iPad = "UIInterfaceOrientationPortrait UIInterfaceOrientationPortraitUpsideDown UIInterfaceOrientationLandscapeLeft UIInterfaceOrientationLandscapeRight";
				INFOPLIST_KEY_UISupportedInterfaceOrientations_iPhone = "UIInterfaceOrientationPortrait UIInterfaceOrientationLandscapeLeft UIInterfaceOrientationLandscapeRight";
				LD_RUNPATH_SEARCH_PATHS = (
					"$(inherited)",
					"@executable_path/Frameworks",
				);
				MARKETING_VERSION = 1.0;
				PRODUCT_BUNDLE_IDENTIFIER = "id.signal.RSS-Reader-Demo";
				PRODUCT_NAME = "$(TARGET_NAME)";
				SWIFT_EMIT_LOC_STRINGS = YES;
				SWIFT_VERSION = 5.0;
				TARGETED_DEVICE_FAMILY = "1,2";
			};
			name = Release;
		};
/* End XCBuildConfiguration section */

/* Begin XCConfigurationList section */
		D65C042229F65E5000753FBF /* Build configuration list for PBXProject "RSS Reader Demo" */ = {
			isa = XCConfigurationList;
			buildConfigurations = (
				D65C043929F65E5100753FBF /* Debug */,
				D65C043A29F65E5100753FBF /* Release */,
			);
			defaultConfigurationIsVisible = 0;
			defaultConfigurationName = Release;
		};
		D65C043B29F65E5100753FBF /* Build configuration list for PBXNativeTarget "RSS Reader Demo" */ = {
			isa = XCConfigurationList;
			buildConfigurations = (
				D65C043C29F65E5100753FBF /* Debug */,
				D65C043D29F65E5100753FBF /* Release */,
			);
			defaultConfigurationIsVisible = 0;
			defaultConfigurationName = Release;
		};
/* End XCConfigurationList section */
	};
	rootObject = D65C041F29F65E5000753FBF /* Project object */;
}
